
Microsoft Visual Studio Solution File, Format Version 12.00
# Visual Studio Version 17
VisualStudioVersion = 17.14.37027.9
MinimumVisualStudioVersion = 10.0.40219.1
Project("{FAE04EC0-301F-11D3-BF4B-00C04F79EFBC}") = "CatalogoTP1", "CatalogoTP1\CatalogoTP1.csproj", "{2294663E-C14A-42F5-AF6B-2C2B666C3742}"
EndProject
Project("{FAE04EC0-301F-11D3-BF4B-00C04F79EFBC}") = "Dominio", "Dominio\Dominio.csproj", "{BBF8E223-77FF-478C-8F76-E91E1C3A0B77}"
EndProject
Project("{FAE04EC0-301F-11D3-BF4B-00C04F79EFBC}") = "Negocio", "Negocio\Negocio.csproj", "{C8F2A9EF-3F0C-4E68-B6AD-CC23BB4E4B87}"
EndProject
Global
	GlobalSection(SolutionConfigurationPlatforms) = preSolution
		Debug|Any CPU = Debug|Any CPU
		Release|Any CPU = Release|Any CPU
	EndGlobalSection
	GlobalSection(ProjectConfigurationPlatforms) = postSolution
		{2294663E-C14A-42F5-AF6B-2C2B666C3742}.Debug|Any CPU.ActiveCfg = Debug|Any CPU
		{2294663E-C14A-42F5-AF6B-2C2B666C3742}.Debug|Any CPU.Build.0 = Debug|Any CPU
		{2294663E-C14A-42F5-AF6B-2C2B666C3742}.Release|Any CPU.ActiveCfg = Release|Any CPU
		{2294663E-C14A-42F5-AF6B-2C2B666C3742}.Release|Any CPU.Build.0 = Release|Any CPU
		{BBF8E223-77FF-478C-8F76-E91E1C3A0B77}.Debug|Any CPU.ActiveCfg = Debug|Any CPU
		{BBF8E223-77FF-478C-8F76-E91E1C3A0B77}.Debug|Any CPU.Build.0 = Debug|Any CPU
		{BBF8E223-77FF-478C-8F76-E91E1C3A0B77}.Release|Any CPU.ActiveCfg = Release|Any CPU
		{BBF8E223-77FF-478C-8F76-E91E1C3A0B77}.Release|Any CPU.Build.0 = Release|Any CPU
		{C8F2A9EF-3F0C-4E68-B6AD-CC23BB4E4B87}.Debug|Any CPU.ActiveCfg = Debug|Any CPU
		{C8F2A9EF-3F0C-4E68-B6AD-CC23BB4E4B87}.Debug|Any CPU.Build.0 = Debug|Any CPU
		{C8F2A9EF-3F0C-4E68-B6AD-CC23BB4E4B87}.Release|Any CPU.ActiveCfg = Release|Any CPU
		{C8F2A9EF-3F0C-4E68-B6AD-CC23BB4E4B87}.Release|Any CPU.Build.0 = Release|Any CPU
	EndGlobalSection
	GlobalSection(SolutionProperties) = preSolution
		HideSolutionNode = FALSE
	EndGlobalSection
	GlobalSection(ExtensibilityGlobals) = postSolution
		SolutionGuid = {56778D79-3BBE-47EF-B127-8CBE7458A5C6}
	EndGlobalSection
EndGlobal
